{
  "object": {
    "pins": [
      {
        "package": "HMSegmentedControl",
        "repositoryURL": "https://github.com/HeshamMegid/HMSegmentedControl",
        "state": {
          "branch": "master",
          "revision": "a2852bd7fe75e0e40d832873ceb0f0a4ec1b8350",
          "version": null
        }
      },
      {
        "package": "SDWebImage",
        "repositoryURL": "https://github.com/SDWebImage/SDWebImage",
        "state": {
          "branch": null,
          "revision": "a72df4849408da7e5d3c1b586797b7c601c41d1b",
          "version": "5.12.1"
        }
      }
    ]
  },
  "version": 1
}
